
Microsoft Visual Studio Solution File, Format Version 12.00
# Visual Studio Version 18
VisualStudioVersion = 18.3.11520.95
MinimumVisualStudioVersion = 10.0.40219.1
Project("{FAE04EC0-301F-11D3-BF4B-00C04F79EFBC}") = "gnc.core", "gnc.core\gnc.core.csproj", "{DCE0BAE7-B27E-4532-937A-797D8CEF9920}"
EndProject
Project("{FAE04EC0-301F-11D3-BF4B-00C04F79EFBC}") = "gnc.gui", "gnc.gui\gnc.gui.csproj", "{CAE7CC7A-1992-485B-B07F-C8F3A875E141}"
EndProject
Global
	GlobalSection(SolutionConfigurationPlatforms) = preSolution
		Debug|Any CPU = Debug|Any CPU
		Release|Any CPU = Release|Any CPU
	EndGlobalSection
	GlobalSection(ProjectConfigurationPlatforms) = postSolution
		{DCE0BAE7-B27E-4532-937A-797D8CEF9920}.Debug|Any CPU.ActiveCfg = Debug|Any CPU
		{DCE0BAE7-B27E-4532-937A-797D8CEF9920}.Debug|Any CPU.Build.0 = Debug|Any CPU
		{DCE0BAE7-B27E-4532-937A-797D8CEF9920}.Release|Any CPU.ActiveCfg = Release|Any CPU
		{DCE0BAE7-B27E-4532-937A-797D8CEF9920}.Release|Any CPU.Build.0 = Release|Any CPU
		{CAE7CC7A-1992-485B-B07F-C8F3A875E141}.Debug|Any CPU.ActiveCfg = Debug|Any CPU
		{CAE7CC7A-1992-485B-B07F-C8F3A875E141}.Debug|Any CPU.Build.0 = Debug|Any CPU
		{CAE7CC7A-1992-485B-B07F-C8F3A875E141}.Release|Any CPU.ActiveCfg = Release|Any CPU
		{CAE7CC7A-1992-485B-B07F-C8F3A875E141}.Release|Any CPU.Build.0 = Release|Any CPU
	EndGlobalSection
	GlobalSection(SolutionProperties) = preSolution
		HideSolutionNode = FALSE
	EndGlobalSection
	GlobalSection(ExtensibilityGlobals) = postSolution
		SolutionGuid = {218AB739-AD99-4592-A412-E6793DF6AB2A}
	EndGlobalSection
EndGlobal
